
Microsoft Visual Studio Solution File, Format Version 11.00
# Visual Studio 2010
Project("{FAE04EC0-301F-11D3-BF4B-00C04F79EFBC}") = "Assembly-CSharp", "Assembly-CSharp.csproj", "{45B3AB0F-435F-2078-6E86-900244FB6159}"
EndProject
Project("{FAE04EC0-301F-11D3-BF4B-00C04F79EFBC}") = "Assembly-CSharp-Editor", "Assembly-CSharp-Editor.csproj", "{50072D37-0CF0-D842-DDF6-2067C115D430}"
EndProject
Global
	GlobalSection(SolutionConfigurationPlatforms) = preSolution
		Debug|Any CPU = Debug|Any CPU
		Release|Any CPU = Release|Any CPU
	EndGlobalSection
	GlobalSection(ProjectConfigurationPlatforms) = postSolution
		{45B3AB0F-435F-2078-6E86-900244FB6159}.Debug|Any CPU.ActiveCfg = Debug|Any CPU
		{45B3AB0F-435F-2078-6E86-900244FB6159}.Debug|Any CPU.Build.0 = Debug|Any CPU
		{45B3AB0F-435F-2078-6E86-900244FB6159}.Release|Any CPU.ActiveCfg = Release|Any CPU
		{45B3AB0F-435F-2078-6E86-900244FB6159}.Release|Any CPU.Build.0 = Release|Any CPU
		{50072D37-0CF0-D842-DDF6-2067C115D430}.Debug|Any CPU.ActiveCfg = Debug|Any CPU
		{50072D37-0CF0-D842-DDF6-2067C115D430}.Debug|Any CPU.Build.0 = Debug|Any CPU
		{50072D37-0CF0-D842-DDF6-2067C115D430}.Release|Any CPU.ActiveCfg = Release|Any CPU
		{50072D37-0CF0-D842-DDF6-2067C115D430}.Release|Any CPU.Build.0 = Release|Any CPU
	EndGlobalSection
	GlobalSection(SolutionProperties) = preSolution
		HideSolutionNode = FALSE
	EndGlobalSection
	GlobalSection(MonoDevelopProperties) = preSolution
		StartupItem = Assembly-CSharp.csproj
	EndGlobalSection
EndGlobal
